github.com/MeigaraJuma/go-post-api v0.0.0-20210712180913-63ae00e4ef96 h1:mXCxmyFv8Ivs+TAtj3hDTtsUZIh+ZcoSG/nWkkS0qrM=
github.com/MeigaraJuma/go-post-api v0.0.0-20210712180913-63ae00e4ef96/go.mod h1:YO8wqqgdnJbeX/7coTH19JmrvkMEew0doASj0UAUWNc=
github.com/gorilla/mux v1.8.0 h1:i40aqfkR1h2SlN9hojwV5ZA91wcXFOvkdNIeFDP5koI=
github.com/gorilla/mux v1.8.0/go.mod h1:DVbg23sWSpFRCP0SfiEN6jmj59UnW/n46BH5rLB71So=
